
Microsoft Visual Studio Solution File, Format Version 12.00
# Visual Studio Version 16
VisualStudioVersion = 16.0.28803.452
MinimumVisualStudioVersion = 10.0.40219.1
Project("{FAE04EC0-301F-11D3-BF4B-00C04F79EFBC}") = "Okta.Xamarin.iOS", "Okta.Xamarin.iOS\Okta.Xamarin.iOS.csproj", "{D698F0D7-DFBA-4AE3-9ABE-219D87B1DFEE}"
EndProject
Project("{FAE04EC0-301F-11D3-BF4B-00C04F79EFBC}") = "Okta.Xamarin.Android", "Okta.Xamarin.Android\Okta.Xamarin.Android.csproj", "{727DA7A1-7D67-4402-82AD-3F43FAC34BF9}"
EndProject
Project("{9A19103F-16F7-4668-BE54-9A1E7A4F7556}") = "Okta.Xamarin", "Okta.Xamarin\Okta.Xamarin.csproj", "{49CD54C4-EB9A-423D-A2E8-885D80744659}"
EndProject
Project("{9A19103F-16F7-4668-BE54-9A1E7A4F7556}") = "Okta.Xamarin.Test", "Okta.Xamarin.Test\Okta.Xamarin.Test.csproj", "{6BC0D61C-8B1E-4AE3-A718-8118CF5F68DD}"
EndProject
Project("{2150E333-8FDC-42A3-9474-1A3956D46DE8}") = "Solution Items", "Solution Items", "{6F296D02-8540-4D13-A8CA-F5EC57EFCD40}"
	ProjectSection(SolutionItems) = preProject
		.editorconfig = .editorconfig
		..\.gitattributes = ..\.gitattributes
		..\.gitignore = ..\.gitignore
		..\README.md = ..\README.md
	EndProjectSection
EndProject
Project("{FAE04EC0-301F-11D3-BF4B-00C04F79EFBC}") = "Okta.Xamarin.iOS.ExampleApp", "..\..\Okta.Xamarin.iOS.ExampleApp\Okta.Xamarin.iOS.ExampleApp.csproj", "{BB0FDF85-44EA-481A-94CB-3AA78AADD2C4}"
EndProject
Project("{2150E333-8FDC-42A3-9474-1A3956D46DE8}") = "Examples", "Examples", "{8079F219-9C13-4BB2-8406-16E160F2641F}"
EndProject
Project("{FAE04EC0-301F-11D3-BF4B-00C04F79EFBC}") = "Okta.Xamarin.Android.Example", "Okta.Xamarin.Android.Example\Okta.Xamarin.Android.Example.csproj", "{85CF0EEC-D607-4F6C-B5D2-2800992AC3B8}"
EndProject
Global
	GlobalSection(SolutionConfigurationPlatforms) = preSolution
		Debug|Android = Debug|Android
		Debug|Any CPU = Debug|Any CPU
		Debug|iPhone = Debug|iPhone
		Debug|iPhoneSimulator = Debug|iPhoneSimulator
		Release|Android = Release|Android
		Release|Any CPU = Release|Any CPU
		Release|iPhone = Release|iPhone
		Release|iPhoneSimulator = Release|iPhoneSimulator
	EndGlobalSection
	GlobalSection(ProjectConfigurationPlatforms) = postSolution
		{D698F0D7-DFBA-4AE3-9ABE-219D87B1DFEE}.Debug|Android.ActiveCfg = Debug|Any CPU
		{D698F0D7-DFBA-4AE3-9ABE-219D87B1DFEE}.Debug|Any CPU.ActiveCfg = Debug|Any CPU
		{D698F0D7-DFBA-4AE3-9ABE-219D87B1DFEE}.Debug|Any CPU.Build.0 = Debug|Any CPU
		{D698F0D7-DFBA-4AE3-9ABE-219D87B1DFEE}.Debug|iPhone.ActiveCfg = Debug|Any CPU
		{D698F0D7-DFBA-4AE3-9ABE-219D87B1DFEE}.Debug|iPhone.Build.0 = Debug|Any CPU
		{D698F0D7-DFBA-4AE3-9ABE-219D87B1DFEE}.Debug|iPhoneSimulator.ActiveCfg = Debug|Any CPU
		{D698F0D7-DFBA-4AE3-9ABE-219D87B1DFEE}.Debug|iPhoneSimulator.Build.0 = Debug|Any CPU
		{D698F0D7-DFBA-4AE3-9ABE-219D87B1DFEE}.Release|Android.ActiveCfg = Release|Any CPU
		{D698F0D7-DFBA-4AE3-9ABE-219D87B1DFEE}.Release|Android.Build.0 = Release|Any CPU
		{D698F0D7-DFBA-4AE3-9ABE-219D87B1DFEE}.Release|Any CPU.ActiveCfg = Release|Any CPU
		{D698F0D7-DFBA-4AE3-9ABE-219D87B1DFEE}.Release|Any CPU.Build.0 = Release|Any CPU
		{D698F0D7-DFBA-4AE3-9ABE-219D87B1DFEE}.Release|iPhone.ActiveCfg = Release|Any CPU
		{D698F0D7-DFBA-4AE3-9ABE-219D87B1DFEE}.Release|iPhone.Build.0 = Release|Any CPU
		{D698F0D7-DFBA-4AE3-9ABE-219D87B1DFEE}.Release|iPhoneSimulator.ActiveCfg = Release|Any CPU
		{D698F0D7-DFBA-4AE3-9ABE-219D87B1DFEE}.Release|iPhoneSimulator.Build.0 = Release|Any CPU
		{727DA7A1-7D67-4402-82AD-3F43FAC34BF9}.Debug|Android.ActiveCfg = Debug|Any CPU
		{727DA7A1-7D67-4402-82AD-3F43FAC34BF9}.Debug|Android.Build.0 = Debug|Any CPU
		{727DA7A1-7D67-4402-82AD-3F43FAC34BF9}.Debug|Any CPU.ActiveCfg = Debug|Any CPU
		{727DA7A1-7D67-4402-82AD-3F43FAC34BF9}.Debug|Any CPU.Build.0 = Debug|Any CPU
		{727DA7A1-7D67-4402-82AD-3F43FAC34BF9}.Debug|iPhone.ActiveCfg = Debug|Any CPU
		{727DA7A1-7D67-4402-82AD-3F43FAC34BF9}.Debug|iPhoneSimulator.ActiveCfg = Debug|Any CPU
		{727DA7A1-7D67-4402-82AD-3F43FAC34BF9}.Release|Android.ActiveCfg = Release|Any CPU
		{727DA7A1-7D67-4402-82AD-3F43FAC34BF9}.Release|Android.Build.0 = Release|Any CPU
		{727DA7A1-7D67-4402-82AD-3F43FAC34BF9}.Release|Any CPU.ActiveCfg = Release|Any CPU
		{727DA7A1-7D67-4402-82AD-3F43FAC34BF9}.Release|Any CPU.Build.0 = Release|Any CPU
		{727DA7A1-7D67-4402-82AD-3F43FAC34BF9}.Release|iPhone.ActiveCfg = Release|Any CPU
		{727DA7A1-7D67-4402-82AD-3F43FAC34BF9}.Release|iPhone.Build.0 = Release|Any CPU
		{727DA7A1-7D67-4402-82AD-3F43FAC34BF9}.Release|iPhoneSimulator.ActiveCfg = Release|Any CPU
		{727DA7A1-7D67-4402-82AD-3F43FAC34BF9}.Release|iPhoneSimulator.Build.0 = Release|Any CPU
		{49CD54C4-EB9A-423D-A2E8-885D80744659}.Debug|Android.ActiveCfg = Debug|Any CPU
		{49CD54C4-EB9A-423D-A2E8-885D80744659}.Debug|Android.Build.0 = Debug|Any CPU
		{49CD54C4-EB9A-423D-A2E8-885D80744659}.Debug|Any CPU.ActiveCfg = Debug|Any CPU
		{49CD54C4-EB9A-423D-A2E8-885D80744659}.Debug|Any CPU.Build.0 = Debug|Any CPU
		{49CD54C4-EB9A-423D-A2E8-885D80744659}.Debug|iPhone.ActiveCfg = Debug|Any CPU
		{49CD54C4-EB9A-423D-A2E8-885D80744659}.Debug|iPhone.Build.0 = Debug|Any CPU
		{49CD54C4-EB9A-423D-A2E8-885D80744659}.Debug|iPhoneSimulator.ActiveCfg = Debug|Any CPU
		{49CD54C4-EB9A-423D-A2E8-885D80744659}.Debug|iPhoneSimulator.Build.0 = Debug|Any CPU
		{49CD54C4-EB9A-423D-A2E8-885D80744659}.Release|Android.ActiveCfg = Release|Any CPU
		{49CD54C4-EB9A-423D-A2E8-885D80744659}.Release|Android.Build.0 = Release|Any CPU
		{49CD54C4-EB9A-423D-A2E8-885D80744659}.Release|Any CPU.ActiveCfg = Release|Any CPU
		{49CD54C4-EB9A-423D-A2E8-885D80744659}.Release|Any CPU.Build.0 = Release|Any CPU
		{49CD54C4-EB9A-423D-A2E8-885D80744659}.Release|iPhone.ActiveCfg = Release|Any CPU
		{49CD54C4-EB9A-423D-A2E8-885D80744659}.Release|iPhone.Build.0 = Release|Any CPU
		{49CD54C4-EB9A-423D-A2E8-885D80744659}.Release|iPhoneSimulator.ActiveCfg = Release|Any CPU
		{49CD54C4-EB9A-423D-A2E8-885D80744659}.Release|iPhoneSimulator.Build.0 = Release|Any CPU
		{6BC0D61C-8B1E-4AE3-A718-8118CF5F68DD}.Debug|Android.ActiveCfg = Debug|Any CPU
		{6BC0D61C-8B1E-4AE3-A718-8118CF5F68DD}.Debug|Android.Build.0 = Debug|Any CPU
		{6BC0D61C-8B1E-4AE3-A718-8118CF5F68DD}.Debug|Any CPU.ActiveCfg = Debug|Any CPU
		{6BC0D61C-8B1E-4AE3-A718-8118CF5F68DD}.Debug|Any CPU.Build.0 = Debug|Any CPU
		{6BC0D61C-8B1E-4AE3-A718-8118CF5F68DD}.Debug|iPhone.ActiveCfg = Debug|Any CPU
		{6BC0D61C-8B1E-4AE3-A718-8118CF5F68DD}.Debug|iPhone.Build.0 = Debug|Any CPU
		{6BC0D61C-8B1E-4AE3-A718-8118CF5F68DD}.Debug|iPhoneSimulator.ActiveCfg = Debug|Any CPU
		{6BC0D61C-8B1E-4AE3-A718-8118CF5F68DD}.Debug|iPhoneSimulator.Build.0 = Debug|Any CPU
		{6BC0D61C-8B1E-4AE3-A718-8118CF5F68DD}.Release|Android.ActiveCfg = Release|Any CPU
		{6BC0D61C-8B1E-4AE3-A718-8118CF5F68DD}.Release|Android.Build.0 = Release|Any CPU
		{6BC0D61C-8B1E-4AE3-A718-8118CF5F68DD}.Release|Any CPU.ActiveCfg = Release|Any CPU
		{6BC0D61C-8B1E-4AE3-A718-8118CF5F68DD}.Release|Any CPU.Build.0 = Release|Any CPU
		{6BC0D61C-8B1E-4AE3-A718-8118CF5F68DD}.Release|iPhone.ActiveCfg = Release|Any CPU
		{6BC0D61C-8B1E-4AE3-A718-8118CF5F68DD}.Release|iPhone.Build.0 = Release|Any CPU
		{6BC0D61C-8B1E-4AE3-A718-8118CF5F68DD}.Release|iPhoneSimulator.ActiveCfg = Release|Any CPU
		{6BC0D61C-8B1E-4AE3-A718-8118CF5F68DD}.Release|iPhoneSimulator.Build.0 = Release|Any CPU
		{BB0FDF85-44EA-481A-94CB-3AA78AADD2C4}.Debug|Android.ActiveCfg = Debug|iPhoneSimulator
		{BB0FDF85-44EA-481A-94CB-3AA78AADD2C4}.Debug|Any CPU.ActiveCfg = Debug|iPhone
		{BB0FDF85-44EA-481A-94CB-3AA78AADD2C4}.Debug|iPhone.ActiveCfg = Debug|iPhone
		{BB0FDF85-44EA-481A-94CB-3AA78AADD2C4}.Debug|iPhone.Build.0 = Debug|iPhone
		{BB0FDF85-44EA-481A-94CB-3AA78AADD2C4}.Debug|iPhoneSimulator.ActiveCfg = Debug|iPhoneSimulator
		{BB0FDF85-44EA-481A-94CB-3AA78AADD2C4}.Debug|iPhoneSimulator.Build.0 = Debug|iPhoneSimulator
		{BB0FDF85-44EA-481A-94CB-3AA78AADD2C4}.Release|Android.ActiveCfg = Release|iPhone
		{BB0FDF85-44EA-481A-94CB-3AA78AADD2C4}.Release|Any CPU.ActiveCfg = Release|iPhone
		{BB0FDF85-44EA-481A-94CB-3AA78AADD2C4}.Release|iPhone.ActiveCfg = Release|iPhone
		{BB0FDF85-44EA-481A-94CB-3AA78AADD2C4}.Release|iPhone.Build.0 = Release|iPhone
		{BB0FDF85-44EA-481A-94CB-3AA78AADD2C4}.Release|iPhoneSimulator.ActiveCfg = Release|iPhoneSimulator
		{BB0FDF85-44EA-481A-94CB-3AA78AADD2C4}.Release|iPhoneSimulator.Build.0 = Release|iPhoneSimulator
		{85CF0EEC-D607-4F6C-B5D2-2800992AC3B8}.Debug|Android.ActiveCfg = Debug|Any CPU
		{85CF0EEC-D607-4F6C-B5D2-2800992AC3B8}.Debug|Android.Build.0 = Debug|Any CPU
		{85CF0EEC-D607-4F6C-B5D2-2800992AC3B8}.Debug|Android.Deploy.0 = Debug|Any CPU
		{85CF0EEC-D607-4F6C-B5D2-2800992AC3B8}.Debug|Any CPU.ActiveCfg = Debug|Any CPU
		{85CF0EEC-D607-4F6C-B5D2-2800992AC3B8}.Debug|Any CPU.Build.0 = Debug|Any CPU
		{85CF0EEC-D607-4F6C-B5D2-2800992AC3B8}.Debug|Any CPU.Deploy.0 = Debug|Any CPU
		{85CF0EEC-D607-4F6C-B5D2-2800992AC3B8}.Debug|iPhone.ActiveCfg = Debug|Any CPU
		{85CF0EEC-D607-4F6C-B5D2-2800992AC3B8}.Debug|iPhone.Build.0 = Debug|Any CPU
		{85CF0EEC-D607-4F6C-B5D2-2800992AC3B8}.Debug|iPhone.Deploy.0 = Debug|Any CPU
		{85CF0EEC-D607-4F6C-B5D2-2800992AC3B8}.Debug|iPhoneSimulator.ActiveCfg = Debug|Any CPU
		{85CF0EEC-D607-4F6C-B5D2-2800992AC3B8}.Debug|iPhoneSimulator.Build.0 = Debug|Any CPU
		{85CF0EEC-D607-4F6C-B5D2-2800992AC3B8}.Debug|iPhoneSimulator.Deploy.0 = Debug|Any CPU
		{85CF0EEC-D607-4F6C-B5D2-2800992AC3B8}.Release|Android.ActiveCfg = Release|Any CPU
		{85CF0EEC-D607-4F6C-B5D2-2800992AC3B8}.Release|Android.Build.0 = Release|Any CPU
		{85CF0EEC-D607-4F6C-B5D2-2800992AC3B8}.Release|Android.Deploy.0 = Release|Any CPU
		{85CF0EEC-D607-4F6C-B5D2-2800992AC3B8}.Release|Any CPU.ActiveCfg = Release|Any CPU
		{85CF0EEC-D607-4F6C-B5D2-2800992AC3B8}.Release|Any CPU.Build.0 = Release|Any CPU
		{85CF0EEC-D607-4F6C-B5D2-2800992AC3B8}.Release|Any CPU.Deploy.0 = Release|Any CPU
		{85CF0EEC-D607-4F6C-B5D2-2800992AC3B8}.Release|iPhone.ActiveCfg = Release|Any CPU
		{85CF0EEC-D607-4F6C-B5D2-2800992AC3B8}.Release|iPhone.Build.0 = Release|Any CPU
		{85CF0EEC-D607-4F6C-B5D2-2800992AC3B8}.Release|iPhone.Deploy.0 = Release|Any CPU
		{85CF0EEC-D607-4F6C-B5D2-2800992AC3B8}.Release|iPhoneSimulator.ActiveCfg = Release|Any CPU
		{85CF0EEC-D607-4F6C-B5D2-2800992AC3B8}.Release|iPhoneSimulator.Build.0 = Release|Any CPU
		{85CF0EEC-D607-4F6C-B5D2-2800992AC3B8}.Release|iPhoneSimulator.Deploy.0 = Release|Any CPU
	EndGlobalSection
	GlobalSection(SolutionProperties) = preSolution
		HideSolutionNode = FALSE
	EndGlobalSection
	GlobalSection(NestedProjects) = preSolution
		{BB0FDF85-44EA-481A-94CB-3AA78AADD2C4} = {8079F219-9C13-4BB2-8406-16E160F2641F}
		{85CF0EEC-D607-4F6C-B5D2-2800992AC3B8} = {8079F219-9C13-4BB2-8406-16E160F2641F}
	EndGlobalSection
	GlobalSection(ExtensibilityGlobals) = postSolution
		SolutionGuid = {8D258CC3-33D9-4055-9627-BB4B404A2682}
	EndGlobalSection
EndGlobal
