
Microsoft Visual Studio Solution File, Format Version 12.00
# Visual Studio Version 16
VisualStudioVersion = 16.0.28803.452
MinimumVisualStudioVersion = 10.0.40219.1
Project("{FAE04EC0-301F-11D3-BF4B-00C04F79EFBC}") = "Okta.Xamarin.iOS", "Okta.Xamarin.iOS\Okta.Xamarin.iOS.csproj", "{D698F0D7-DFBA-4AE3-9ABE-219D87B1DFEE}"
EndProject
Project("{FAE04EC0-301F-11D3-BF4B-00C04F79EFBC}") = "Okta.Xamarin.Android", "Okta.Xamarin.Android\Okta.Xamarin.Android.csproj", "{727DA7A1-7D67-4402-82AD-3F43FAC34BF9}"
EndProject
Project("{9A19103F-16F7-4668-BE54-9A1E7A4F7556}") = "Okta.Xamarin", "Okta.Xamarin\Okta.Xamarin.csproj", "{49CD54C4-EB9A-423D-A2E8-885D80744659}"
EndProject
Project("{9A19103F-16F7-4668-BE54-9A1E7A4F7556}") = "Okta.Xamarin.Test", "Okta.Xamarin.Test\Okta.Xamarin.Test.csproj", "{6BC0D61C-8B1E-4AE3-A718-8118CF5F68DD}"
EndProject
Project("{2150E333-8FDC-42A3-9474-1A3956D46DE8}") = "Solution Items", "Solution Items", "{6F296D02-8540-4D13-A8CA-F5EC57EFCD40}"
	ProjectSection(SolutionItems) = preProject
		.editorconfig = .editorconfig
		..\.gitattributes = ..\.gitattributes
		..\.gitignore = ..\.gitignore
		..\LICENSE = ..\LICENSE
		..\README.md = ..\README.md
	EndProjectSection
EndProject
Project("{2150E333-8FDC-42A3-9474-1A3956D46DE8}") = "Examples", "Examples", "{8079F219-9C13-4BB2-8406-16E160F2641F}"
EndProject
Project("{2150E333-8FDC-42A3-9474-1A3956D46DE8}") = "Tests", "Tests", "{D2A7ED8B-B27B-4EA6-88FF-CF76C87D4FAF}"
EndProject
Project("{FAE04EC0-301F-11D3-BF4B-00C04F79EFBC}") = "Okta.Xamarin.UWP", "Okta.Xamarin.UWP\Okta.Xamarin.UWP.csproj", "{772D0C03-592E-4478-A25F-E336BE66E10F}"
EndProject
Global
	GlobalSection(SolutionConfigurationPlatforms) = preSolution
		Debug|Android = Debug|Android
		Debug|Any CPU = Debug|Any CPU
		Debug|ARM = Debug|ARM
		Debug|ARM64 = Debug|ARM64
		Debug|iPhone = Debug|iPhone
		Debug|iPhoneSimulator = Debug|iPhoneSimulator
		Debug|x64 = Debug|x64
		Debug|x86 = Debug|x86
		Release|Android = Release|Android
		Release|Any CPU = Release|Any CPU
		Release|ARM = Release|ARM
		Release|ARM64 = Release|ARM64
		Release|iPhone = Release|iPhone
		Release|iPhoneSimulator = Release|iPhoneSimulator
		Release|x64 = Release|x64
		Release|x86 = Release|x86
	EndGlobalSection
	GlobalSection(ProjectConfigurationPlatforms) = postSolution
		{D698F0D7-DFBA-4AE3-9ABE-219D87B1DFEE}.Debug|Android.ActiveCfg = Debug|Any CPU
		{D698F0D7-DFBA-4AE3-9ABE-219D87B1DFEE}.Debug|Any CPU.ActiveCfg = Debug|Any CPU
		{D698F0D7-DFBA-4AE3-9ABE-219D87B1DFEE}.Debug|Any CPU.Build.0 = Debug|Any CPU
		{D698F0D7-DFBA-4AE3-9ABE-219D87B1DFEE}.Debug|ARM.ActiveCfg = Debug|Any CPU
		{D698F0D7-DFBA-4AE3-9ABE-219D87B1DFEE}.Debug|ARM.Build.0 = Debug|Any CPU
		{D698F0D7-DFBA-4AE3-9ABE-219D87B1DFEE}.Debug|ARM64.ActiveCfg = Debug|Any CPU
		{D698F0D7-DFBA-4AE3-9ABE-219D87B1DFEE}.Debug|ARM64.Build.0 = Debug|Any CPU
		{D698F0D7-DFBA-4AE3-9ABE-219D87B1DFEE}.Debug|iPhone.ActiveCfg = Debug|Any CPU
		{D698F0D7-DFBA-4AE3-9ABE-219D87B1DFEE}.Debug|iPhone.Build.0 = Debug|Any CPU
		{D698F0D7-DFBA-4AE3-9ABE-219D87B1DFEE}.Debug|iPhoneSimulator.ActiveCfg = Debug|Any CPU
		{D698F0D7-DFBA-4AE3-9ABE-219D87B1DFEE}.Debug|iPhoneSimulator.Build.0 = Debug|Any CPU
		{D698F0D7-DFBA-4AE3-9ABE-219D87B1DFEE}.Debug|x64.ActiveCfg = Debug|Any CPU
		{D698F0D7-DFBA-4AE3-9ABE-219D87B1DFEE}.Debug|x64.Build.0 = Debug|Any CPU
		{D698F0D7-DFBA-4AE3-9ABE-219D87B1DFEE}.Debug|x86.ActiveCfg = Debug|Any CPU
		{D698F0D7-DFBA-4AE3-9ABE-219D87B1DFEE}.Debug|x86.Build.0 = Debug|Any CPU
		{D698F0D7-DFBA-4AE3-9ABE-219D87B1DFEE}.Release|Android.ActiveCfg = Release|Any CPU
		{D698F0D7-DFBA-4AE3-9ABE-219D87B1DFEE}.Release|Android.Build.0 = Release|Any CPU
		{D698F0D7-DFBA-4AE3-9ABE-219D87B1DFEE}.Release|Any CPU.ActiveCfg = Release|Any CPU
		{D698F0D7-DFBA-4AE3-9ABE-219D87B1DFEE}.Release|Any CPU.Build.0 = Release|Any CPU
		{D698F0D7-DFBA-4AE3-9ABE-219D87B1DFEE}.Release|ARM.ActiveCfg = Release|Any CPU
		{D698F0D7-DFBA-4AE3-9ABE-219D87B1DFEE}.Release|ARM.Build.0 = Release|Any CPU
		{D698F0D7-DFBA-4AE3-9ABE-219D87B1DFEE}.Release|ARM64.ActiveCfg = Release|Any CPU
		{D698F0D7-DFBA-4AE3-9ABE-219D87B1DFEE}.Release|ARM64.Build.0 = Release|Any CPU
		{D698F0D7-DFBA-4AE3-9ABE-219D87B1DFEE}.Release|iPhone.ActiveCfg = Release|Any CPU
		{D698F0D7-DFBA-4AE3-9ABE-219D87B1DFEE}.Release|iPhone.Build.0 = Release|Any CPU
		{D698F0D7-DFBA-4AE3-9ABE-219D87B1DFEE}.Release|iPhoneSimulator.ActiveCfg = Release|Any CPU
		{D698F0D7-DFBA-4AE3-9ABE-219D87B1DFEE}.Release|iPhoneSimulator.Build.0 = Release|Any CPU
		{D698F0D7-DFBA-4AE3-9ABE-219D87B1DFEE}.Release|x64.ActiveCfg = Release|Any CPU
		{D698F0D7-DFBA-4AE3-9ABE-219D87B1DFEE}.Release|x64.Build.0 = Release|Any CPU
		{D698F0D7-DFBA-4AE3-9ABE-219D87B1DFEE}.Release|x86.ActiveCfg = Release|Any CPU
		{D698F0D7-DFBA-4AE3-9ABE-219D87B1DFEE}.Release|x86.Build.0 = Release|Any CPU
		{727DA7A1-7D67-4402-82AD-3F43FAC34BF9}.Debug|Android.ActiveCfg = Debug|Any CPU
		{727DA7A1-7D67-4402-82AD-3F43FAC34BF9}.Debug|Android.Build.0 = Debug|Any CPU
		{727DA7A1-7D67-4402-82AD-3F43FAC34BF9}.Debug|Any CPU.ActiveCfg = Debug|Any CPU
		{727DA7A1-7D67-4402-82AD-3F43FAC34BF9}.Debug|Any CPU.Build.0 = Debug|Any CPU
		{727DA7A1-7D67-4402-82AD-3F43FAC34BF9}.Debug|ARM.ActiveCfg = Debug|Any CPU
		{727DA7A1-7D67-4402-82AD-3F43FAC34BF9}.Debug|ARM.Build.0 = Debug|Any CPU
		{727DA7A1-7D67-4402-82AD-3F43FAC34BF9}.Debug|ARM64.ActiveCfg = Debug|Any CPU
		{727DA7A1-7D67-4402-82AD-3F43FAC34BF9}.Debug|ARM64.Build.0 = Debug|Any CPU
		{727DA7A1-7D67-4402-82AD-3F43FAC34BF9}.Debug|iPhone.ActiveCfg = Debug|Any CPU
		{727DA7A1-7D67-4402-82AD-3F43FAC34BF9}.Debug|iPhoneSimulator.ActiveCfg = Debug|Any CPU
		{727DA7A1-7D67-4402-82AD-3F43FAC34BF9}.Debug|x64.ActiveCfg = Debug|Any CPU
		{727DA7A1-7D67-4402-82AD-3F43FAC34BF9}.Debug|x64.Build.0 = Debug|Any CPU
		{727DA7A1-7D67-4402-82AD-3F43FAC34BF9}.Debug|x86.ActiveCfg = Debug|Any CPU
		{727DA7A1-7D67-4402-82AD-3F43FAC34BF9}.Debug|x86.Build.0 = Debug|Any CPU
		{727DA7A1-7D67-4402-82AD-3F43FAC34BF9}.Release|Android.ActiveCfg = Release|Any CPU
		{727DA7A1-7D67-4402-82AD-3F43FAC34BF9}.Release|Android.Build.0 = Release|Any CPU
		{727DA7A1-7D67-4402-82AD-3F43FAC34BF9}.Release|Any CPU.ActiveCfg = Release|Any CPU
		{727DA7A1-7D67-4402-82AD-3F43FAC34BF9}.Release|Any CPU.Build.0 = Release|Any CPU
		{727DA7A1-7D67-4402-82AD-3F43FAC34BF9}.Release|ARM.ActiveCfg = Release|Any CPU
		{727DA7A1-7D67-4402-82AD-3F43FAC34BF9}.Release|ARM.Build.0 = Release|Any CPU
		{727DA7A1-7D67-4402-82AD-3F43FAC34BF9}.Release|ARM64.ActiveCfg = Release|Any CPU
		{727DA7A1-7D67-4402-82AD-3F43FAC34BF9}.Release|ARM64.Build.0 = Release|Any CPU
		{727DA7A1-7D67-4402-82AD-3F43FAC34BF9}.Release|iPhone.ActiveCfg = Release|Any CPU
		{727DA7A1-7D67-4402-82AD-3F43FAC34BF9}.Release|iPhone.Build.0 = Release|Any CPU
		{727DA7A1-7D67-4402-82AD-3F43FAC34BF9}.Release|iPhoneSimulator.ActiveCfg = Release|Any CPU
		{727DA7A1-7D67-4402-82AD-3F43FAC34BF9}.Release|iPhoneSimulator.Build.0 = Release|Any CPU
		{727DA7A1-7D67-4402-82AD-3F43FAC34BF9}.Release|x64.ActiveCfg = Release|Any CPU
		{727DA7A1-7D67-4402-82AD-3F43FAC34BF9}.Release|x64.Build.0 = Release|Any CPU
		{727DA7A1-7D67-4402-82AD-3F43FAC34BF9}.Release|x86.ActiveCfg = Release|Any CPU
		{727DA7A1-7D67-4402-82AD-3F43FAC34BF9}.Release|x86.Build.0 = Release|Any CPU
		{49CD54C4-EB9A-423D-A2E8-885D80744659}.Debug|Android.ActiveCfg = Debug|Any CPU
		{49CD54C4-EB9A-423D-A2E8-885D80744659}.Debug|Android.Build.0 = Debug|Any CPU
		{49CD54C4-EB9A-423D-A2E8-885D80744659}.Debug|Any CPU.ActiveCfg = Debug|Any CPU
		{49CD54C4-EB9A-423D-A2E8-885D80744659}.Debug|Any CPU.Build.0 = Debug|Any CPU
		{49CD54C4-EB9A-423D-A2E8-885D80744659}.Debug|ARM.ActiveCfg = Debug|Any CPU
		{49CD54C4-EB9A-423D-A2E8-885D80744659}.Debug|ARM.Build.0 = Debug|Any CPU
		{49CD54C4-EB9A-423D-A2E8-885D80744659}.Debug|ARM64.ActiveCfg = Debug|Any CPU
		{49CD54C4-EB9A-423D-A2E8-885D80744659}.Debug|ARM64.Build.0 = Debug|Any CPU
		{49CD54C4-EB9A-423D-A2E8-885D80744659}.Debug|iPhone.ActiveCfg = Debug|Any CPU
		{49CD54C4-EB9A-423D-A2E8-885D80744659}.Debug|iPhone.Build.0 = Debug|Any CPU
		{49CD54C4-EB9A-423D-A2E8-885D80744659}.Debug|iPhoneSimulator.ActiveCfg = Debug|Any CPU
		{49CD54C4-EB9A-423D-A2E8-885D80744659}.Debug|iPhoneSimulator.Build.0 = Debug|Any CPU
		{49CD54C4-EB9A-423D-A2E8-885D80744659}.Debug|x64.ActiveCfg = Debug|Any CPU
		{49CD54C4-EB9A-423D-A2E8-885D80744659}.Debug|x64.Build.0 = Debug|Any CPU
		{49CD54C4-EB9A-423D-A2E8-885D80744659}.Debug|x86.ActiveCfg = Debug|Any CPU
		{49CD54C4-EB9A-423D-A2E8-885D80744659}.Debug|x86.Build.0 = Debug|Any CPU
		{49CD54C4-EB9A-423D-A2E8-885D80744659}.Release|Android.ActiveCfg = Release|Any CPU
		{49CD54C4-EB9A-423D-A2E8-885D80744659}.Release|Android.Build.0 = Release|Any CPU
		{49CD54C4-EB9A-423D-A2E8-885D80744659}.Release|Any CPU.ActiveCfg = Release|Any CPU
		{49CD54C4-EB9A-423D-A2E8-885D80744659}.Release|Any CPU.Build.0 = Release|Any CPU
		{49CD54C4-EB9A-423D-A2E8-885D80744659}.Release|ARM.ActiveCfg = Release|Any CPU
		{49CD54C4-EB9A-423D-A2E8-885D80744659}.Release|ARM.Build.0 = Release|Any CPU
		{49CD54C4-EB9A-423D-A2E8-885D80744659}.Release|ARM64.ActiveCfg = Release|Any CPU
		{49CD54C4-EB9A-423D-A2E8-885D80744659}.Release|ARM64.Build.0 = Release|Any CPU
		{49CD54C4-EB9A-423D-A2E8-885D80744659}.Release|iPhone.ActiveCfg = Release|Any CPU
		{49CD54C4-EB9A-423D-A2E8-885D80744659}.Release|iPhone.Build.0 = Release|Any CPU
		{49CD54C4-EB9A-423D-A2E8-885D80744659}.Release|iPhoneSimulator.ActiveCfg = Release|Any CPU
		{49CD54C4-EB9A-423D-A2E8-885D80744659}.Release|iPhoneSimulator.Build.0 = Release|Any CPU
		{49CD54C4-EB9A-423D-A2E8-885D80744659}.Release|x64.ActiveCfg = Release|Any CPU
		{49CD54C4-EB9A-423D-A2E8-885D80744659}.Release|x64.Build.0 = Release|Any CPU
		{49CD54C4-EB9A-423D-A2E8-885D80744659}.Release|x86.ActiveCfg = Release|Any CPU
		{49CD54C4-EB9A-423D-A2E8-885D80744659}.Release|x86.Build.0 = Release|Any CPU
		{6BC0D61C-8B1E-4AE3-A718-8118CF5F68DD}.Debug|Android.ActiveCfg = Debug|Any CPU
		{6BC0D61C-8B1E-4AE3-A718-8118CF5F68DD}.Debug|Android.Build.0 = Debug|Any CPU
		{6BC0D61C-8B1E-4AE3-A718-8118CF5F68DD}.Debug|Any CPU.ActiveCfg = Debug|Any CPU
		{6BC0D61C-8B1E-4AE3-A718-8118CF5F68DD}.Debug|Any CPU.Build.0 = Debug|Any CPU
		{6BC0D61C-8B1E-4AE3-A718-8118CF5F68DD}.Debug|ARM.ActiveCfg = Debug|Any CPU
		{6BC0D61C-8B1E-4AE3-A718-8118CF5F68DD}.Debug|ARM.Build.0 = Debug|Any CPU
		{6BC0D61C-8B1E-4AE3-A718-8118CF5F68DD}.Debug|ARM64.ActiveCfg = Debug|Any CPU
		{6BC0D61C-8B1E-4AE3-A718-8118CF5F68DD}.Debug|ARM64.Build.0 = Debug|Any CPU
		{6BC0D61C-8B1E-4AE3-A718-8118CF5F68DD}.Debug|iPhone.ActiveCfg = Debug|Any CPU
		{6BC0D61C-8B1E-4AE3-A718-8118CF5F68DD}.Debug|iPhone.Build.0 = Debug|Any CPU
		{6BC0D61C-8B1E-4AE3-A718-8118CF5F68DD}.Debug|iPhoneSimulator.ActiveCfg = Debug|Any CPU
		{6BC0D61C-8B1E-4AE3-A718-8118CF5F68DD}.Debug|iPhoneSimulator.Build.0 = Debug|Any CPU
		{6BC0D61C-8B1E-4AE3-A718-8118CF5F68DD}.Debug|x64.ActiveCfg = Debug|Any CPU
		{6BC0D61C-8B1E-4AE3-A718-8118CF5F68DD}.Debug|x64.Build.0 = Debug|Any CPU
		{6BC0D61C-8B1E-4AE3-A718-8118CF5F68DD}.Debug|x86.ActiveCfg = Debug|Any CPU
		{6BC0D61C-8B1E-4AE3-A718-8118CF5F68DD}.Debug|x86.Build.0 = Debug|Any CPU
		{6BC0D61C-8B1E-4AE3-A718-8118CF5F68DD}.Release|Android.ActiveCfg = Release|Any CPU
		{6BC0D61C-8B1E-4AE3-A718-8118CF5F68DD}.Release|Android.Build.0 = Release|Any CPU
		{6BC0D61C-8B1E-4AE3-A718-8118CF5F68DD}.Release|Any CPU.ActiveCfg = Release|Any CPU
		{6BC0D61C-8B1E-4AE3-A718-8118CF5F68DD}.Release|Any CPU.Build.0 = Release|Any CPU
		{6BC0D61C-8B1E-4AE3-A718-8118CF5F68DD}.Release|ARM.ActiveCfg = Release|Any CPU
		{6BC0D61C-8B1E-4AE3-A718-8118CF5F68DD}.Release|ARM.Build.0 = Release|Any CPU
		{6BC0D61C-8B1E-4AE3-A718-8118CF5F68DD}.Release|ARM64.ActiveCfg = Release|Any CPU
		{6BC0D61C-8B1E-4AE3-A718-8118CF5F68DD}.Release|ARM64.Build.0 = Release|Any CPU
		{6BC0D61C-8B1E-4AE3-A718-8118CF5F68DD}.Release|iPhone.ActiveCfg = Release|Any CPU
		{6BC0D61C-8B1E-4AE3-A718-8118CF5F68DD}.Release|iPhone.Build.0 = Release|Any CPU
		{6BC0D61C-8B1E-4AE3-A718-8118CF5F68DD}.Release|iPhoneSimulator.ActiveCfg = Release|Any CPU
		{6BC0D61C-8B1E-4AE3-A718-8118CF5F68DD}.Release|iPhoneSimulator.Build.0 = Release|Any CPU
		{6BC0D61C-8B1E-4AE3-A718-8118CF5F68DD}.Release|x64.ActiveCfg = Release|Any CPU
		{6BC0D61C-8B1E-4AE3-A718-8118CF5F68DD}.Release|x64.Build.0 = Release|Any CPU
		{6BC0D61C-8B1E-4AE3-A718-8118CF5F68DD}.Release|x86.ActiveCfg = Release|Any CPU
		{6BC0D61C-8B1E-4AE3-A718-8118CF5F68DD}.Release|x86.Build.0 = Release|Any CPU
		{772D0C03-592E-4478-A25F-E336BE66E10F}.Debug|Android.ActiveCfg = Debug|Any CPU
		{772D0C03-592E-4478-A25F-E336BE66E10F}.Debug|Android.Build.0 = Debug|Any CPU
		{772D0C03-592E-4478-A25F-E336BE66E10F}.Debug|Any CPU.ActiveCfg = Debug|Any CPU
		{772D0C03-592E-4478-A25F-E336BE66E10F}.Debug|Any CPU.Build.0 = Debug|Any CPU
		{772D0C03-592E-4478-A25F-E336BE66E10F}.Debug|ARM.ActiveCfg = Debug|ARM
		{772D0C03-592E-4478-A25F-E336BE66E10F}.Debug|ARM.Build.0 = Debug|ARM
		{772D0C03-592E-4478-A25F-E336BE66E10F}.Debug|ARM64.ActiveCfg = Debug|ARM64
		{772D0C03-592E-4478-A25F-E336BE66E10F}.Debug|ARM64.Build.0 = Debug|ARM64
		{772D0C03-592E-4478-A25F-E336BE66E10F}.Debug|iPhone.ActiveCfg = Debug|Any CPU
		{772D0C03-592E-4478-A25F-E336BE66E10F}.Debug|iPhone.Build.0 = Debug|Any CPU
		{772D0C03-592E-4478-A25F-E336BE66E10F}.Debug|iPhoneSimulator.ActiveCfg = Debug|Any CPU
		{772D0C03-592E-4478-A25F-E336BE66E10F}.Debug|iPhoneSimulator.Build.0 = Debug|Any CPU
		{772D0C03-592E-4478-A25F-E336BE66E10F}.Debug|x64.ActiveCfg = Debug|x64
		{772D0C03-592E-4478-A25F-E336BE66E10F}.Debug|x64.Build.0 = Debug|x64
		{772D0C03-592E-4478-A25F-E336BE66E10F}.Debug|x86.ActiveCfg = Debug|x86
		{772D0C03-592E-4478-A25F-E336BE66E10F}.Debug|x86.Build.0 = Debug|x86
		{772D0C03-592E-4478-A25F-E336BE66E10F}.Release|Android.ActiveCfg = Release|Any CPU
		{772D0C03-592E-4478-A25F-E336BE66E10F}.Release|Android.Build.0 = Release|Any CPU
		{772D0C03-592E-4478-A25F-E336BE66E10F}.Release|Any CPU.ActiveCfg = Release|Any CPU
		{772D0C03-592E-4478-A25F-E336BE66E10F}.Release|Any CPU.Build.0 = Release|Any CPU
		{772D0C03-592E-4478-A25F-E336BE66E10F}.Release|ARM.ActiveCfg = Release|ARM
		{772D0C03-592E-4478-A25F-E336BE66E10F}.Release|ARM.Build.0 = Release|ARM
		{772D0C03-592E-4478-A25F-E336BE66E10F}.Release|ARM64.ActiveCfg = Release|ARM64
		{772D0C03-592E-4478-A25F-E336BE66E10F}.Release|ARM64.Build.0 = Release|ARM64
		{772D0C03-592E-4478-A25F-E336BE66E10F}.Release|iPhone.ActiveCfg = Release|Any CPU
		{772D0C03-592E-4478-A25F-E336BE66E10F}.Release|iPhone.Build.0 = Release|Any CPU
		{772D0C03-592E-4478-A25F-E336BE66E10F}.Release|iPhoneSimulator.ActiveCfg = Release|Any CPU
		{772D0C03-592E-4478-A25F-E336BE66E10F}.Release|iPhoneSimulator.Build.0 = Release|Any CPU
		{772D0C03-592E-4478-A25F-E336BE66E10F}.Release|x64.ActiveCfg = Release|x64
		{772D0C03-592E-4478-A25F-E336BE66E10F}.Release|x64.Build.0 = Release|x64
		{772D0C03-592E-4478-A25F-E336BE66E10F}.Release|x86.ActiveCfg = Release|x86
		{772D0C03-592E-4478-A25F-E336BE66E10F}.Release|x86.Build.0 = Release|x86
	EndGlobalSection
	GlobalSection(SolutionProperties) = preSolution
		HideSolutionNode = FALSE
	EndGlobalSection
	GlobalSection(NestedProjects) = preSolution
		{6BC0D61C-8B1E-4AE3-A718-8118CF5F68DD} = {D2A7ED8B-B27B-4EA6-88FF-CF76C87D4FAF}
	EndGlobalSection
	GlobalSection(ExtensibilityGlobals) = postSolution
		SolutionGuid = {8D258CC3-33D9-4055-9627-BB4B404A2682}
	EndGlobalSection
EndGlobal
